
Microsoft Visual Studio Solution File, Format Version 12.00
# Visual Studio Version 17
VisualStudioVersion = 17.0.31903.59
MinimumVisualStudioVersion = 10.0.40219.1
Project("{2150E333-8FDC-42A3-9474-1A3956D46DE8}") = "src", "src", "{827E0CD3-B72D-47B6-A68D-7590B98EB39B}"
EndProject
Project("{FAE04EC0-301F-11D3-BF4B-00C04F79EFBC}") = "NetWorthTracker.Shared", "src\NetWorthTracker.Shared\NetWorthTracker.Shared.csproj", "{F1F82D8A-3C21-4FC2-869D-6DDCD8033DF7}"
EndProject
Project("{FAE04EC0-301F-11D3-BF4B-00C04F79EFBC}") = "NetWorthTracker.App", "src\NetWorthTracker.App\NetWorthTracker.App.csproj", "{91E263C4-744D-41EC-906A-BF8D07DF5E15}"
EndProject
Project("{FAE04EC0-301F-11D3-BF4B-00C04F79EFBC}") = "NetWorthTracker.Shared.Tests", "tests\NetWorthTracker.Shared.Tests\NetWorthTracker.Shared.Tests.csproj", "{5C144AD6-FE6F-477C-B5D6-D7C081EAA3F9}"
EndProject
Project("{FAE04EC0-301F-11D3-BF4B-00C04F79EFBC}") = "NetWorthTracker.Core", "src\NetWorthTracker.Core\NetWorthTracker.Core.csproj", "{32C9CB76-3365-4D5B-BBBB-997E6F272B94}"
EndProject
Project("{FAE04EC0-301F-11D3-BF4B-00C04F79EFBC}") = "NetWorthTracker.Data", "src\NetWorthTracker.Data\NetWorthTracker.Data.csproj", "{093F34CD-5681-4CAA-BF05-BEF94B3F26CE}"
EndProject
Project("{FAE04EC0-301F-11D3-BF4B-00C04F79EFBC}") = "NetWorthTracker.Data.Api", "src\NetWorthTracker.Data.Api\NetWorthTracker.Data.Api.csproj", "{91DDA411-88E0-4078-8F61-5AE9336DEEA2}"
EndProject
Global
	GlobalSection(SolutionConfigurationPlatforms) = preSolution
		Debug|Any CPU = Debug|Any CPU
		Debug|x64 = Debug|x64
		Debug|x86 = Debug|x86
		Release|Any CPU = Release|Any CPU
		Release|x64 = Release|x64
		Release|x86 = Release|x86
	EndGlobalSection
	GlobalSection(ProjectConfigurationPlatforms) = postSolution
		{F1F82D8A-3C21-4FC2-869D-6DDCD8033DF7}.Debug|Any CPU.ActiveCfg = Debug|Any CPU
		{F1F82D8A-3C21-4FC2-869D-6DDCD8033DF7}.Debug|Any CPU.Build.0 = Debug|Any CPU
		{F1F82D8A-3C21-4FC2-869D-6DDCD8033DF7}.Debug|x64.ActiveCfg = Debug|Any CPU
		{F1F82D8A-3C21-4FC2-869D-6DDCD8033DF7}.Debug|x64.Build.0 = Debug|Any CPU
		{F1F82D8A-3C21-4FC2-869D-6DDCD8033DF7}.Debug|x86.ActiveCfg = Debug|Any CPU
		{F1F82D8A-3C21-4FC2-869D-6DDCD8033DF7}.Debug|x86.Build.0 = Debug|Any CPU
		{F1F82D8A-3C21-4FC2-869D-6DDCD8033DF7}.Release|Any CPU.ActiveCfg = Release|Any CPU
		{F1F82D8A-3C21-4FC2-869D-6DDCD8033DF7}.Release|Any CPU.Build.0 = Release|Any CPU
		{F1F82D8A-3C21-4FC2-869D-6DDCD8033DF7}.Release|x64.ActiveCfg = Release|Any CPU
		{F1F82D8A-3C21-4FC2-869D-6DDCD8033DF7}.Release|x64.Build.0 = Release|Any CPU
		{F1F82D8A-3C21-4FC2-869D-6DDCD8033DF7}.Release|x86.ActiveCfg = Release|Any CPU
		{F1F82D8A-3C21-4FC2-869D-6DDCD8033DF7}.Release|x86.Build.0 = Release|Any CPU
		{91E263C4-744D-41EC-906A-BF8D07DF5E15}.Debug|Any CPU.ActiveCfg = Debug|Any CPU
		{91E263C4-744D-41EC-906A-BF8D07DF5E15}.Debug|Any CPU.Build.0 = Debug|Any CPU
		{91E263C4-744D-41EC-906A-BF8D07DF5E15}.Debug|x64.ActiveCfg = Debug|Any CPU
		{91E263C4-744D-41EC-906A-BF8D07DF5E15}.Debug|x64.Build.0 = Debug|Any CPU
		{91E263C4-744D-41EC-906A-BF8D07DF5E15}.Debug|x86.ActiveCfg = Debug|Any CPU
		{91E263C4-744D-41EC-906A-BF8D07DF5E15}.Debug|x86.Build.0 = Debug|Any CPU
		{91E263C4-744D-41EC-906A-BF8D07DF5E15}.Release|Any CPU.ActiveCfg = Release|Any CPU
		{91E263C4-744D-41EC-906A-BF8D07DF5E15}.Release|Any CPU.Build.0 = Release|Any CPU
		{91E263C4-744D-41EC-906A-BF8D07DF5E15}.Release|x64.ActiveCfg = Release|Any CPU
		{91E263C4-744D-41EC-906A-BF8D07DF5E15}.Release|x64.Build.0 = Release|Any CPU
		{91E263C4-744D-41EC-906A-BF8D07DF5E15}.Release|x86.ActiveCfg = Release|Any CPU
		{91E263C4-744D-41EC-906A-BF8D07DF5E15}.Release|x86.Build.0 = Release|Any CPU
		{5C144AD6-FE6F-477C-B5D6-D7C081EAA3F9}.Debug|Any CPU.ActiveCfg = Debug|Any CPU
		{5C144AD6-FE6F-477C-B5D6-D7C081EAA3F9}.Debug|Any CPU.Build.0 = Debug|Any CPU
		{5C144AD6-FE6F-477C-B5D6-D7C081EAA3F9}.Debug|x64.ActiveCfg = Debug|Any CPU
		{5C144AD6-FE6F-477C-B5D6-D7C081EAA3F9}.Debug|x64.Build.0 = Debug|Any CPU
		{5C144AD6-FE6F-477C-B5D6-D7C081EAA3F9}.Debug|x86.ActiveCfg = Debug|Any CPU
		{5C144AD6-FE6F-477C-B5D6-D7C081EAA3F9}.Debug|x86.Build.0 = Debug|Any CPU
		{5C144AD6-FE6F-477C-B5D6-D7C081EAA3F9}.Release|Any CPU.ActiveCfg = Release|Any CPU
		{5C144AD6-FE6F-477C-B5D6-D7C081EAA3F9}.Release|Any CPU.Build.0 = Release|Any CPU
		{5C144AD6-FE6F-477C-B5D6-D7C081EAA3F9}.Release|x64.ActiveCfg = Release|Any CPU
		{5C144AD6-FE6F-477C-B5D6-D7C081EAA3F9}.Release|x64.Build.0 = Release|Any CPU
		{5C144AD6-FE6F-477C-B5D6-D7C081EAA3F9}.Release|x86.ActiveCfg = Release|Any CPU
		{5C144AD6-FE6F-477C-B5D6-D7C081EAA3F9}.Release|x86.Build.0 = Release|Any CPU
		{32C9CB76-3365-4D5B-BBBB-997E6F272B94}.Debug|Any CPU.ActiveCfg = Debug|Any CPU
		{32C9CB76-3365-4D5B-BBBB-997E6F272B94}.Debug|Any CPU.Build.0 = Debug|Any CPU
		{32C9CB76-3365-4D5B-BBBB-997E6F272B94}.Debug|x64.ActiveCfg = Debug|Any CPU
		{32C9CB76-3365-4D5B-BBBB-997E6F272B94}.Debug|x64.Build.0 = Debug|Any CPU
		{32C9CB76-3365-4D5B-BBBB-997E6F272B94}.Debug|x86.ActiveCfg = Debug|Any CPU
		{32C9CB76-3365-4D5B-BBBB-997E6F272B94}.Debug|x86.Build.0 = Debug|Any CPU
		{32C9CB76-3365-4D5B-BBBB-997E6F272B94}.Release|Any CPU.ActiveCfg = Release|Any CPU
		{32C9CB76-3365-4D5B-BBBB-997E6F272B94}.Release|Any CPU.Build.0 = Release|Any CPU
		{32C9CB76-3365-4D5B-BBBB-997E6F272B94}.Release|x64.ActiveCfg = Release|Any CPU
		{32C9CB76-3365-4D5B-BBBB-997E6F272B94}.Release|x64.Build.0 = Release|Any CPU
		{32C9CB76-3365-4D5B-BBBB-997E6F272B94}.Release|x86.ActiveCfg = Release|Any CPU
		{32C9CB76-3365-4D5B-BBBB-997E6F272B94}.Release|x86.Build.0 = Release|Any CPU
		{093F34CD-5681-4CAA-BF05-BEF94B3F26CE}.Debug|Any CPU.ActiveCfg = Debug|Any CPU
		{093F34CD-5681-4CAA-BF05-BEF94B3F26CE}.Debug|Any CPU.Build.0 = Debug|Any CPU
		{093F34CD-5681-4CAA-BF05-BEF94B3F26CE}.Debug|x64.ActiveCfg = Debug|Any CPU
		{093F34CD-5681-4CAA-BF05-BEF94B3F26CE}.Debug|x64.Build.0 = Debug|Any CPU
		{093F34CD-5681-4CAA-BF05-BEF94B3F26CE}.Debug|x86.ActiveCfg = Debug|Any CPU
		{093F34CD-5681-4CAA-BF05-BEF94B3F26CE}.Debug|x86.Build.0 = Debug|Any CPU
		{093F34CD-5681-4CAA-BF05-BEF94B3F26CE}.Release|Any CPU.ActiveCfg = Release|Any CPU
		{093F34CD-5681-4CAA-BF05-BEF94B3F26CE}.Release|Any CPU.Build.0 = Release|Any CPU
		{093F34CD-5681-4CAA-BF05-BEF94B3F26CE}.Release|x64.ActiveCfg = Release|Any CPU
		{093F34CD-5681-4CAA-BF05-BEF94B3F26CE}.Release|x64.Build.0 = Release|Any CPU
		{093F34CD-5681-4CAA-BF05-BEF94B3F26CE}.Release|x86.ActiveCfg = Release|Any CPU
		{093F34CD-5681-4CAA-BF05-BEF94B3F26CE}.Release|x86.Build.0 = Release|Any CPU
		{91DDA411-88E0-4078-8F61-5AE9336DEEA2}.Debug|Any CPU.ActiveCfg = Debug|Any CPU
		{91DDA411-88E0-4078-8F61-5AE9336DEEA2}.Debug|Any CPU.Build.0 = Debug|Any CPU
		{91DDA411-88E0-4078-8F61-5AE9336DEEA2}.Debug|x64.ActiveCfg = Debug|Any CPU
		{91DDA411-88E0-4078-8F61-5AE9336DEEA2}.Debug|x64.Build.0 = Debug|Any CPU
		{91DDA411-88E0-4078-8F61-5AE9336DEEA2}.Debug|x86.ActiveCfg = Debug|Any CPU
		{91DDA411-88E0-4078-8F61-5AE9336DEEA2}.Debug|x86.Build.0 = Debug|Any CPU
		{91DDA411-88E0-4078-8F61-5AE9336DEEA2}.Release|Any CPU.ActiveCfg = Release|Any CPU
		{91DDA411-88E0-4078-8F61-5AE9336DEEA2}.Release|Any CPU.Build.0 = Release|Any CPU
		{91DDA411-88E0-4078-8F61-5AE9336DEEA2}.Release|x64.ActiveCfg = Release|Any CPU
		{91DDA411-88E0-4078-8F61-5AE9336DEEA2}.Release|x64.Build.0 = Release|Any CPU
		{91DDA411-88E0-4078-8F61-5AE9336DEEA2}.Release|x86.ActiveCfg = Release|Any CPU
		{91DDA411-88E0-4078-8F61-5AE9336DEEA2}.Release|x86.Build.0 = Release|Any CPU
	EndGlobalSection
	GlobalSection(SolutionProperties) = preSolution
		HideSolutionNode = FALSE
	EndGlobalSection
	GlobalSection(NestedProjects) = preSolution
		{F1F82D8A-3C21-4FC2-869D-6DDCD8033DF7} = {827E0CD3-B72D-47B6-A68D-7590B98EB39B}
		{91E263C4-744D-41EC-906A-BF8D07DF5E15} = {827E0CD3-B72D-47B6-A68D-7590B98EB39B}
		{5C144AD6-FE6F-477C-B5D6-D7C081EAA3F9} = {827E0CD3-B72D-47B6-A68D-7590B98EB39B}
		{32C9CB76-3365-4D5B-BBBB-997E6F272B94} = {827E0CD3-B72D-47B6-A68D-7590B98EB39B}
		{093F34CD-5681-4CAA-BF05-BEF94B3F26CE} = {827E0CD3-B72D-47B6-A68D-7590B98EB39B}
		{91DDA411-88E0-4078-8F61-5AE9336DEEA2} = {827E0CD3-B72D-47B6-A68D-7590B98EB39B}
	EndGlobalSection
EndGlobal
